
Microsoft Visual Studio Solution File, Format Version 12.00
# Visual Studio Version 17
VisualStudioVersion = 17.2.32519.379
MinimumVisualStudioVersion = 10.0.40219.1
Project("{9A19103F-16F7-4668-BE54-9A1E7A4F7556}") = "toDoApp", "toDoApp\toDoApp.csproj", "{93343524-2A7E-4047-8976-8D0C53FA6FE0}"
EndProject
Global
	GlobalSection(SolutionConfigurationPlatforms) = preSolution
		Debug|Any CPU = Debug|Any CPU
		Release|Any CPU = Release|Any CPU
	EndGlobalSection
	GlobalSection(ProjectConfigurationPlatforms) = postSolution
		{93343524-2A7E-4047-8976-8D0C53FA6FE0}.Debug|Any CPU.ActiveCfg = Debug|Any CPU
		{93343524-2A7E-4047-8976-8D0C53FA6FE0}.Debug|Any CPU.Build.0 = Debug|Any CPU
		{93343524-2A7E-4047-8976-8D0C53FA6FE0}.Release|Any CPU.ActiveCfg = Release|Any CPU
		{93343524-2A7E-4047-8976-8D0C53FA6FE0}.Release|Any CPU.Build.0 = Release|Any CPU
	EndGlobalSection
	GlobalSection(SolutionProperties) = preSolution
		HideSolutionNode = FALSE
	EndGlobalSection
	GlobalSection(ExtensibilityGlobals) = postSolution
		SolutionGuid = {7B9F1E90-C6D3-485D-AA34-ADEAD8B1B271}
	EndGlobalSection
EndGlobal
